
Microsoft Visual Studio Solution File, Format Version 12.00
# Visual Studio 2012
Project("{FAE04EC0-301F-11D3-BF4B-00C04F79EFBC}") = "RazorGeneratorLocalResource", "RazorGeneratorLocalResource\RazorGeneratorLocalResource.csproj", "{06D315B6-AE8D-4629-9FC2-787223D2D22A}"
EndProject
Global
	GlobalSection(SolutionConfigurationPlatforms) = preSolution
		Debug|Any CPU = Debug|Any CPU
		Release|Any CPU = Release|Any CPU
	EndGlobalSection
	GlobalSection(ProjectConfigurationPlatforms) = postSolution
		{06D315B6-AE8D-4629-9FC2-787223D2D22A}.Debug|Any CPU.ActiveCfg = Debug|Any CPU
		{06D315B6-AE8D-4629-9FC2-787223D2D22A}.Debug|Any CPU.Build.0 = Debug|Any CPU
		{06D315B6-AE8D-4629-9FC2-787223D2D22A}.Release|Any CPU.ActiveCfg = Release|Any CPU
		{06D315B6-AE8D-4629-9FC2-787223D2D22A}.Release|Any CPU.Build.0 = Release|Any CPU
	EndGlobalSection
	GlobalSection(SolutionProperties) = preSolution
		HideSolutionNode = FALSE
	EndGlobalSection
EndGlobal
